Microsoft Visual Studio Solution File, Format Version 12.00
# Visual Studio Version 17
VisualStudioVersion = 17.5.2.0
MinimumVisualStudioVersion = 10.0.40219.1
Project("{2150E333-8FDC-42A3-9474-1A3956D46DE8}") = "Progetti-SW", "Progetti-SW", "{39B42620-28DB-1C85-9F4C-7982F8A89557}"
EndProject
Project("{FAE04EC0-301F-11D3-BF4B-00C04F79EFBC}") = "prj001", "Progetti-SW\prj001\prj001.csproj", "{A71E6C99-DA23-6610-9B67-109702A1F96E}"
EndProject
Project("{FAE04EC0-301F-11D3-BF4B-00C04F79EFBC}") = "prj002", "Progetti-SW\prj002\prj002.csproj", "{89C2FC53-9BD0-A856-440D-8D0A55FA3908}"
EndProject
Project("{FAE04EC0-301F-11D3-BF4B-00C04F79EFBC}") = "prj003", "Progetti-SW\prj003\prj003.csproj", "{92EA84AA-8EE4-ED5E-CD79-F6D6C127A590}"
EndProject
Project("{FAE04EC0-301F-11D3-BF4B-00C04F79EFBC}") = "prj005", "Progetti-SW\prj005\prj005.csproj", "{571BA23E-D40C-4694-5FCD-8470559A1C7E}"
EndProject
Project("{FAE04EC0-301F-11D3-BF4B-00C04F79EFBC}") = "prj006", "Progetti-SW\prj006\prj006.csproj", "{6E81BA84-DA6E-D09D-0F8E-15DA6DB60E09}"
EndProject
Project("{FAE04EC0-301F-11D3-BF4B-00C04F79EFBC}") = "prj007", "Progetti-SW\prj007\prj007.csproj", "{A4DF4E76-0C70-1D8E-EE02-0566600B25BF}"
EndProject
Project("{FAE04EC0-301F-11D3-BF4B-00C04F79EFBC}") = "prj008", "Progetti-SW\prj008\prj008.csproj", "{466255B8-0AF2-A91C-C60C-93B5B8CF8F0A}"
EndProject
Project("{FAE04EC0-301F-11D3-BF4B-00C04F79EFBC}") = "prj009", "Progetti-SW\prj009\prj009.csproj", "{1F06E80E-815B-EE24-BEC2-EAB842D53AC3}"
EndProject
Project("{FAE04EC0-301F-11D3-BF4B-00C04F79EFBC}") = "prj010", "Progetti-SW\prj010\prj010.csproj", "{9531CFE2-D18C-EBBD-58EC-F76929F26E09}"
EndProject
Project("{FAE04EC0-301F-11D3-BF4B-00C04F79EFBC}") = "prj011", "Progetti-SW\prj011\prj011.csproj", "{852AAA30-3259-06CD-96D1-1F882A26859A}"
EndProject
Project("{FAE04EC0-301F-11D3-BF4B-00C04F79EFBC}") = "prj012", "Progetti-SW\prj012\prj012.csproj", "{48B927D9-8C45-92EB-53C7-46ACB70742A1}"
EndProject
Project("{FAE04EC0-301F-11D3-BF4B-00C04F79EFBC}") = "prj013", "Progetti-SW\prj013\prj013.csproj", "{BB88F300-929E-14C3-6416-2EE0EA94392A}"
EndProject
Project("{FAE04EC0-301F-11D3-BF4B-00C04F79EFBC}") = "prj014", "Progetti-SW\prj014\prj014.csproj", "{EE925A6E-77A6-386D-97EE-57F7153BDC02}"
EndProject
Project("{FAE04EC0-301F-11D3-BF4B-00C04F79EFBC}") = "prj015", "Progetti-SW\prj015\prj015.csproj", "{5F3802FF-AD26-6A60-B999-D3845C7655D3}"
EndProject
Project("{FAE04EC0-301F-11D3-BF4B-00C04F79EFBC}") = "prj016", "Progetti-SW\prj016\prj016.csproj", "{4E7EB2E5-4C52-7507-98DD-860328063456}"
EndProject
Project("{FAE04EC0-301F-11D3-BF4B-00C04F79EFBC}") = "prj017", "Progetti-SW\prj017\prj017.csproj", "{8B2D58B1-29EE-3DBC-8260-A81A0475D1A2}"
EndProject
Project("{FAE04EC0-301F-11D3-BF4B-00C04F79EFBC}") = "prj018", "Progetti-SW\prj018\prj018.csproj", "{A0429853-0C77-3D9C-12AD-178744155C12}"
EndProject
Project("{FAE04EC0-301F-11D3-BF4B-00C04F79EFBC}") = "prj019", "Progetti-SW\prj019\prj019.csproj", "{C4378488-6F01-5D6E-C176-242119DDAC72}"
EndProject
Project("{FAE04EC0-301F-11D3-BF4B-00C04F79EFBC}") = "prj020", "Progetti-SW\prj020\prj020.csproj", "{F5F1CE04-7E3A-B013-A7B3-8BF6E29E82C3}"
EndProject
Project("{FAE04EC0-301F-11D3-BF4B-00C04F79EFBC}") = "prj021", "Progetti-SW\prj021\prj021.csproj", "{A923D729-3F5C-AFC2-3074-16DA63DFEEC3}"
EndProject
Project("{FAE04EC0-301F-11D3-BF4B-00C04F79EFBC}") = "prj022", "Progetti-SW\prj022\prj022.csproj", "{261F3CB8-5063-25F7-E471-5DE8A4F983A2}"
EndProject
Project("{FAE04EC0-301F-11D3-BF4B-00C04F79EFBC}") = "prj023", "Progetti-SW\prj023\prj023.csproj", "{B58B499C-7A0D-A0A3-20DA-1D90DB241B9D}"
EndProject
Project("{FAE04EC0-301F-11D3-BF4B-00C04F79EFBC}") = "prj024", "Progetti-SW\prj024\prj024.csproj", "{FADFC4AE-6200-2F6F-9877-A6D754B4D726}"
EndProject
Project("{2150E333-8FDC-42A3-9474-1A3956D46DE8}") = "prj004", "prj004", "{2878C7D3-2EF3-C1AD-4239-D83A6AAA2D3A}"
EndProject
Project("{FAE04EC0-301F-11D3-BF4B-00C04F79EFBC}") = "-prj004", "Progetti-SW\prj004\-prj004\-prj004.csproj", "{D2A27385-08FA-FAE0-ED9A-0457FAD45CB0}"
EndProject
Global
	GlobalSection(SolutionConfigurationPlatforms) = preSolution
		Debug|Any CPU = Debug|Any CPU
		Release|Any CPU = Release|Any CPU
	EndGlobalSection
	GlobalSection(ProjectConfigurationPlatforms) = postSolution
		{A71E6C99-DA23-6610-9B67-109702A1F96E}.Debug|Any CPU.ActiveCfg = Debug|Any CPU
		{A71E6C99-DA23-6610-9B67-109702A1F96E}.Debug|Any CPU.Build.0 = Debug|Any CPU
		{A71E6C99-DA23-6610-9B67-109702A1F96E}.Release|Any CPU.ActiveCfg = Release|Any CPU
		{A71E6C99-DA23-6610-9B67-109702A1F96E}.Release|Any CPU.Build.0 = Release|Any CPU
		{89C2FC53-9BD0-A856-440D-8D0A55FA3908}.Debug|Any CPU.ActiveCfg = Debug|Any CPU
		{89C2FC53-9BD0-A856-440D-8D0A55FA3908}.Debug|Any CPU.Build.0 = Debug|Any CPU
		{89C2FC53-9BD0-A856-440D-8D0A55FA3908}.Release|Any CPU.ActiveCfg = Release|Any CPU
		{89C2FC53-9BD0-A856-440D-8D0A55FA3908}.Release|Any CPU.Build.0 = Release|Any CPU
		{92EA84AA-8EE4-ED5E-CD79-F6D6C127A590}.Debug|Any CPU.ActiveCfg = Debug|Any CPU
		{92EA84AA-8EE4-ED5E-CD79-F6D6C127A590}.Debug|Any CPU.Build.0 = Debug|Any CPU
		{92EA84AA-8EE4-ED5E-CD79-F6D6C127A590}.Release|Any CPU.ActiveCfg = Release|Any CPU
		{92EA84AA-8EE4-ED5E-CD79-F6D6C127A590}.Release|Any CPU.Build.0 = Release|Any CPU
		{571BA23E-D40C-4694-5FCD-8470559A1C7E}.Debug|Any CPU.ActiveCfg = Debug|Any CPU
		{571BA23E-D40C-4694-5FCD-8470559A1C7E}.Debug|Any CPU.Build.0 = Debug|Any CPU
		{571BA23E-D40C-4694-5FCD-8470559A1C7E}.Release|Any CPU.ActiveCfg = Release|Any CPU
		{571BA23E-D40C-4694-5FCD-8470559A1C7E}.Release|Any CPU.Build.0 = Release|Any CPU
		{6E81BA84-DA6E-D09D-0F8E-15DA6DB60E09}.Debug|Any CPU.ActiveCfg = Debug|Any CPU
		{6E81BA84-DA6E-D09D-0F8E-15DA6DB60E09}.Debug|Any CPU.Build.0 = Debug|Any CPU
		{6E81BA84-DA6E-D09D-0F8E-15DA6DB60E09}.Release|Any CPU.ActiveCfg = Release|Any CPU
		{6E81BA84-DA6E-D09D-0F8E-15DA6DB60E09}.Release|Any CPU.Build.0 = Release|Any CPU
		{A4DF4E76-0C70-1D8E-EE02-0566600B25BF}.Debug|Any CPU.ActiveCfg = Debug|Any CPU
		{A4DF4E76-0C70-1D8E-EE02-0566600B25BF}.Debug|Any CPU.Build.0 = Debug|Any CPU
		{A4DF4E76-0C70-1D8E-EE02-0566600B25BF}.Release|Any CPU.ActiveCfg = Release|Any CPU
		{A4DF4E76-0C70-1D8E-EE02-0566600B25BF}.Release|Any CPU.Build.0 = Release|Any CPU
		{466255B8-0AF2-A91C-C60C-93B5B8CF8F0A}.Debug|Any CPU.ActiveCfg = Debug|Any CPU
		{466255B8-0AF2-A91C-C60C-93B5B8CF8F0A}.Debug|Any CPU.Build.0 = Debug|Any CPU
		{466255B8-0AF2-A91C-C60C-93B5B8CF8F0A}.Release|Any CPU.ActiveCfg = Release|Any CPU
		{466255B8-0AF2-A91C-C60C-93B5B8CF8F0A}.Release|Any CPU.Build.0 = Release|Any CPU
		{1F06E80E-815B-EE24-BEC2-EAB842D53AC3}.Debug|Any CPU.ActiveCfg = Debug|Any CPU
		{1F06E80E-815B-EE24-BEC2-EAB842D53AC3}.Debug|Any CPU.Build.0 = Debug|Any CPU
		{1F06E80E-815B-EE24-BEC2-EAB842D53AC3}.Release|Any CPU.ActiveCfg = Release|Any CPU
		{1F06E80E-815B-EE24-BEC2-EAB842D53AC3}.Release|Any CPU.Build.0 = Release|Any CPU
		{9531CFE2-D18C-EBBD-58EC-F76929F26E09}.Debug|Any CPU.ActiveCfg = Debug|Any CPU
		{9531CFE2-D18C-EBBD-58EC-F76929F26E09}.Debug|Any CPU.Build.0 = Debug|Any CPU
		{9531CFE2-D18C-EBBD-58EC-F76929F26E09}.Release|Any CPU.ActiveCfg = Release|Any CPU
		{9531CFE2-D18C-EBBD-58EC-F76929F26E09}.Release|Any CPU.Build.0 = Release|Any CPU
		{852AAA30-3259-06CD-96D1-1F882A26859A}.Debug|Any CPU.ActiveCfg = Debug|Any CPU
		{852AAA30-3259-06CD-96D1-1F882A26859A}.Debug|Any CPU.Build.0 = Debug|Any CPU
		{852AAA30-3259-06CD-96D1-1F882A26859A}.Release|Any CPU.ActiveCfg = Release|Any CPU
		{852AAA30-3259-06CD-96D1-1F882A26859A}.Release|Any CPU.Build.0 = Release|Any CPU
		{48B927D9-8C45-92EB-53C7-46ACB70742A1}.Debug|Any CPU.ActiveCfg = Debug|Any CPU
		{48B927D9-8C45-92EB-53C7-46ACB70742A1}.Debug|Any CPU.Build.0 = Debug|Any CPU
		{48B927D9-8C45-92EB-53C7-46ACB70742A1}.Release|Any CPU.ActiveCfg = Release|Any CPU
		{48B927D9-8C45-92EB-53C7-46ACB70742A1}.Release|Any CPU.Build.0 = Release|Any CPU
		{BB88F300-929E-14C3-6416-2EE0EA94392A}.Debug|Any CPU.ActiveCfg = Debug|Any CPU
		{BB88F300-929E-14C3-6416-2EE0EA94392A}.Debug|Any CPU.Build.0 = Debug|Any CPU
		{BB88F300-929E-14C3-6416-2EE0EA94392A}.Release|Any CPU.ActiveCfg = Release|Any CPU
		{BB88F300-929E-14C3-6416-2EE0EA94392A}.Release|Any CPU.Build.0 = Release|Any CPU
		{EE925A6E-77A6-386D-97EE-57F7153BDC02}.Debug|Any CPU.ActiveCfg = Debug|Any CPU
		{EE925A6E-77A6-386D-97EE-57F7153BDC02}.Debug|Any CPU.Build.0 = Debug|Any CPU
		{EE925A6E-77A6-386D-97EE-57F7153BDC02}.Release|Any CPU.ActiveCfg = Release|Any CPU
		{EE925A6E-77A6-386D-97EE-57F7153BDC02}.Release|Any CPU.Build.0 = Release|Any CPU
		{5F3802FF-AD26-6A60-B999-D3845C7655D3}.Debug|Any CPU.ActiveCfg = Debug|Any CPU
		{5F3802FF-AD26-6A60-B999-D3845C7655D3}.Debug|Any CPU.Build.0 = Debug|Any CPU
		{5F3802FF-AD26-6A60-B999-D3845C7655D3}.Release|Any CPU.ActiveCfg = Release|Any CPU
		{5F3802FF-AD26-6A60-B999-D3845C7655D3}.Release|Any CPU.Build.0 = Release|Any CPU
		{4E7EB2E5-4C52-7507-98DD-860328063456}.Debug|Any CPU.ActiveCfg = Debug|Any CPU
		{4E7EB2E5-4C52-7507-98DD-860328063456}.Debug|Any CPU.Build.0 = Debug|Any CPU
		{4E7EB2E5-4C52-7507-98DD-860328063456}.Release|Any CPU.ActiveCfg = Release|Any CPU
		{4E7EB2E5-4C52-7507-98DD-860328063456}.Release|Any CPU.Build.0 = Release|Any CPU
		{8B2D58B1-29EE-3DBC-8260-A81A0475D1A2}.Debug|Any CPU.ActiveCfg = Debug|Any CPU
		{8B2D58B1-29EE-3DBC-8260-A81A0475D1A2}.Debug|Any CPU.Build.0 = Debug|Any CPU
		{8B2D58B1-29EE-3DBC-8260-A81A0475D1A2}.Release|Any CPU.ActiveCfg = Release|Any CPU
		{8B2D58B1-29EE-3DBC-8260-A81A0475D1A2}.Release|Any CPU.Build.0 = Release|Any CPU
		{A0429853-0C77-3D9C-12AD-178744155C12}.Debug|Any CPU.ActiveCfg = Debug|Any CPU
		{A0429853-0C77-3D9C-12AD-178744155C12}.Debug|Any CPU.Build.0 = Debug|Any CPU
		{A0429853-0C77-3D9C-12AD-178744155C12}.Release|Any CPU.ActiveCfg = Release|Any CPU
		{A0429853-0C77-3D9C-12AD-178744155C12}.Release|Any CPU.Build.0 = Release|Any CPU
		{C4378488-6F01-5D6E-C176-242119DDAC72}.Debug|Any CPU.ActiveCfg = Debug|Any CPU
		{C4378488-6F01-5D6E-C176-242119DDAC72}.Debug|Any CPU.Build.0 = Debug|Any CPU
		{C4378488-6F01-5D6E-C176-242119DDAC72}.Release|Any CPU.ActiveCfg = Release|Any CPU
		{C4378488-6F01-5D6E-C176-242119DDAC72}.Release|Any CPU.Build.0 = Release|Any CPU
		{F5F1CE04-7E3A-B013-A7B3-8BF6E29E82C3}.Debug|Any CPU.ActiveCfg = Debug|Any CPU
		{F5F1CE04-7E3A-B013-A7B3-8BF6E29E82C3}.Debug|Any CPU.Build.0 = Debug|Any CPU
		{F5F1CE04-7E3A-B013-A7B3-8BF6E29E82C3}.Release|Any CPU.ActiveCfg = Release|Any CPU
		{F5F1CE04-7E3A-B013-A7B3-8BF6E29E82C3}.Release|Any CPU.Build.0 = Release|Any CPU
		{A923D729-3F5C-AFC2-3074-16DA63DFEEC3}.Debug|Any CPU.ActiveCfg = Debug|Any CPU
		{A923D729-3F5C-AFC2-3074-16DA63DFEEC3}.Debug|Any CPU.Build.0 = Debug|Any CPU
		{A923D729-3F5C-AFC2-3074-16DA63DFEEC3}.Release|Any CPU.ActiveCfg = Release|Any CPU
		{A923D729-3F5C-AFC2-3074-16DA63DFEEC3}.Release|Any CPU.Build.0 = Release|Any CPU
		{261F3CB8-5063-25F7-E471-5DE8A4F983A2}.Debug|Any CPU.ActiveCfg = Debug|Any CPU
		{261F3CB8-5063-25F7-E471-5DE8A4F983A2}.Debug|Any CPU.Build.0 = Debug|Any CPU
		{261F3CB8-5063-25F7-E471-5DE8A4F983A2}.Release|Any CPU.ActiveCfg = Release|Any CPU
		{261F3CB8-5063-25F7-E471-5DE8A4F983A2}.Release|Any CPU.Build.0 = Release|Any CPU
		{B58B499C-7A0D-A0A3-20DA-1D90DB241B9D}.Debug|Any CPU.ActiveCfg = Debug|Any CPU
		{B58B499C-7A0D-A0A3-20DA-1D90DB241B9D}.Debug|Any CPU.Build.0 = Debug|Any CPU
		{B58B499C-7A0D-A0A3-20DA-1D90DB241B9D}.Release|Any CPU.ActiveCfg = Release|Any CPU
		{B58B499C-7A0D-A0A3-20DA-1D90DB241B9D}.Release|Any CPU.Build.0 = Release|Any CPU
		{FADFC4AE-6200-2F6F-9877-A6D754B4D726}.Debug|Any CPU.ActiveCfg = Debug|Any CPU
		{FADFC4AE-6200-2F6F-9877-A6D754B4D726}.Debug|Any CPU.Build.0 = Debug|Any CPU
		{FADFC4AE-6200-2F6F-9877-A6D754B4D726}.Release|Any CPU.ActiveCfg = Release|Any CPU
		{FADFC4AE-6200-2F6F-9877-A6D754B4D726}.Release|Any CPU.Build.0 = Release|Any CPU
		{D2A27385-08FA-FAE0-ED9A-0457FAD45CB0}.Debug|Any CPU.ActiveCfg = Debug|Any CPU
		{D2A27385-08FA-FAE0-ED9A-0457FAD45CB0}.Debug|Any CPU.Build.0 = Debug|Any CPU
		{D2A27385-08FA-FAE0-ED9A-0457FAD45CB0}.Release|Any CPU.ActiveCfg = Release|Any CPU
		{D2A27385-08FA-FAE0-ED9A-0457FAD45CB0}.Release|Any CPU.Build.0 = Release|Any CPU
	EndGlobalSection
	GlobalSection(SolutionProperties) = preSolution
		HideSolutionNode = FALSE
	EndGlobalSection
	GlobalSection(NestedProjects) = preSolution
		{A71E6C99-DA23-6610-9B67-109702A1F96E} = {39B42620-28DB-1C85-9F4C-7982F8A89557}
		{89C2FC53-9BD0-A856-440D-8D0A55FA3908} = {39B42620-28DB-1C85-9F4C-7982F8A89557}
		{92EA84AA-8EE4-ED5E-CD79-F6D6C127A590} = {39B42620-28DB-1C85-9F4C-7982F8A89557}
		{571BA23E-D40C-4694-5FCD-8470559A1C7E} = {39B42620-28DB-1C85-9F4C-7982F8A89557}
		{6E81BA84-DA6E-D09D-0F8E-15DA6DB60E09} = {39B42620-28DB-1C85-9F4C-7982F8A89557}
		{A4DF4E76-0C70-1D8E-EE02-0566600B25BF} = {39B42620-28DB-1C85-9F4C-7982F8A89557}
		{466255B8-0AF2-A91C-C60C-93B5B8CF8F0A} = {39B42620-28DB-1C85-9F4C-7982F8A89557}
		{1F06E80E-815B-EE24-BEC2-EAB842D53AC3} = {39B42620-28DB-1C85-9F4C-7982F8A89557}
		{9531CFE2-D18C-EBBD-58EC-F76929F26E09} = {39B42620-28DB-1C85-9F4C-7982F8A89557}
		{852AAA30-3259-06CD-96D1-1F882A26859A} = {39B42620-28DB-1C85-9F4C-7982F8A89557}
		{48B927D9-8C45-92EB-53C7-46ACB70742A1} = {39B42620-28DB-1C85-9F4C-7982F8A89557}
		{BB88F300-929E-14C3-6416-2EE0EA94392A} = {39B42620-28DB-1C85-9F4C-7982F8A89557}
		{EE925A6E-77A6-386D-97EE-57F7153BDC02} = {39B42620-28DB-1C85-9F4C-7982F8A89557}
		{5F3802FF-AD26-6A60-B999-D3845C7655D3} = {39B42620-28DB-1C85-9F4C-7982F8A89557}
		{4E7EB2E5-4C52-7507-98DD-860328063456} = {39B42620-28DB-1C85-9F4C-7982F8A89557}
		{8B2D58B1-29EE-3DBC-8260-A81A0475D1A2} = {39B42620-28DB-1C85-9F4C-7982F8A89557}
		{A0429853-0C77-3D9C-12AD-178744155C12} = {39B42620-28DB-1C85-9F4C-7982F8A89557}
		{C4378488-6F01-5D6E-C176-242119DDAC72} = {39B42620-28DB-1C85-9F4C-7982F8A89557}
		{F5F1CE04-7E3A-B013-A7B3-8BF6E29E82C3} = {39B42620-28DB-1C85-9F4C-7982F8A89557}
		{A923D729-3F5C-AFC2-3074-16DA63DFEEC3} = {39B42620-28DB-1C85-9F4C-7982F8A89557}
		{261F3CB8-5063-25F7-E471-5DE8A4F983A2} = {39B42620-28DB-1C85-9F4C-7982F8A89557}
		{B58B499C-7A0D-A0A3-20DA-1D90DB241B9D} = {39B42620-28DB-1C85-9F4C-7982F8A89557}
		{FADFC4AE-6200-2F6F-9877-A6D754B4D726} = {39B42620-28DB-1C85-9F4C-7982F8A89557}
		{2878C7D3-2EF3-C1AD-4239-D83A6AAA2D3A} = {39B42620-28DB-1C85-9F4C-7982F8A89557}
		{D2A27385-08FA-FAE0-ED9A-0457FAD45CB0} = {2878C7D3-2EF3-C1AD-4239-D83A6AAA2D3A}
	EndGlobalSection
	GlobalSection(ExtensibilityGlobals) = postSolution
		SolutionGuid = {9419E8BF-4316-491B-BAF6-2E7D5C30AB5D}
	EndGlobalSection
EndGlobal
